// !$*UTF8*$!
{
	archiveVersion = 1;
	classes = {
	};
	objectVersion = 50;
	objects = {

/* Begin PBXBuildFile section */
		9F1265D6283287C600850406 /* AppDelegate.swift in Sources */ = {isa = PBXBuildFile; fileRef = 9F1265D5283287C600850406 /* AppDelegate.swift */; };
		9F1265D8283287C600850406 /* SceneDelegate.swift in Sources */ = {isa = PBXBuildFile; fileRef = 9F1265D7283287C600850406 /* SceneDelegate.swift */; };
		9F1265DA283287C600850406 /* ViewController.swift in Sources */ = {isa = PBXBuildFile; fileRef = 9F1265D9283287C600850406 /* ViewController.swift */; };
		9F1265DF283287C700850406 /* Assets.xcassets in Resources */ = {isa = PBXBuildFile; fileRef = 9F1265DE283287C700850406 /* Assets.xcassets */; };
		9F1265E2283287C700850406 /* LaunchScreen.storyboard in Resources */ = {isa = PBXBuildFile; fileRef = 9F1265E0283287C700850406 /* LaunchScreen.storyboard */; };
		9F1265EB2832899C00850406 /* MainTabBarController.swift in Sources */ = {isa = PBXBuildFile; fileRef = 9F1265EA2832899C00850406 /* MainTabBarController.swift */; };
		9F1265EE2832AAE100850406 /* PhotosCollectionViewController.swift in Sources */ = {isa = PBXBuildFile; fileRef = 9F1265ED2832AAE100850406 /* PhotosCollectionViewController.swift */; };
		9F1265F22832C11100850406 /* NetworkService.swift in Sources */ = {isa = PBXBuildFile; fileRef = 9F1265F12832C11100850406 /* NetworkService.swift */; };
		9F1265F52832C77100850406 /* API.swift in Sources */ = {isa = PBXBuildFile; fileRef = 9F1265F42832C77100850406 /* API.swift */; };
		9F1265FF283393A700850406 /* NetworkDataFetcher.swift in Sources */ = {isa = PBXBuildFile; fileRef = 9F1265FE283393A700850406 /* NetworkDataFetcher.swift */; };
		9F1266022833944500850406 /* SearchResults.swift in Sources */ = {isa = PBXBuildFile; fileRef = 9F1266012833944500850406 /* SearchResults.swift */; };
		9F1266082833991600850406 /* RandomPhotoResults.swift in Sources */ = {isa = PBXBuildFile; fileRef = 9F1266072833991600850406 /* RandomPhotoResults.swift */; };
		9F12660C2833D99100850406 /* Helper in Resources */ = {isa = PBXBuildFile; fileRef = 9F12660B2833D99100850406 /* Helper */; };
/* End PBXBuildFile section */

/* Begin PBXFileReference section */
		9F1265D2283287C600850406 /* PhotoGalleryFromUnsplash.app */ = {isa = PBXFileReference; explicitFileType = wrapper.application; includeInIndex = 0; path = PhotoGalleryFromUnsplash.app; sourceTree = BUILT_PRODUCTS_DIR; };
		9F1265D5283287C600850406 /* AppDelegate.swift */ = {isa = PBXFileReference; lastKnownFileType = sourcecode.swift; path = AppDelegate.swift; sourceTree = "<group>"; };
		9F1265D7283287C600850406 /* SceneDelegate.swift */ = {isa = PBXFileReference; lastKnownFileType = sourcecode.swift; path = SceneDelegate.swift; sourceTree = "<group>"; };
		9F1265D9283287C600850406 /* ViewController.swift */ = {isa = PBXFileReference; lastKnownFileType = sourcecode.swift; path = ViewController.swift; sourceTree = "<group>"; };
		9F1265DE283287C700850406 /* Assets.xcassets */ = {isa = PBXFileReference; lastKnownFileType = folder.assetcatalog; path = Assets.xcassets; sourceTree = "<group>"; };
		9F1265E1283287C700850406 /* Base */ = {isa = PBXFileReference; lastKnownFileType = file.storyboard; name = Base; path = Base.lproj/LaunchScreen.storyboard; sourceTree = "<group>"; };
		9F1265E3283287C700850406 /* Info.plist */ = {isa = PBXFileReference; lastKnownFileType = text.plist.xml; path = Info.plist; sourceTree = "<group>"; };
		9F1265EA2832899C00850406 /* MainTabBarController.swift */ = {isa = PBXFileReference; lastKnownFileType = sourcecode.swift; path = MainTabBarController.swift; sourceTree = "<group>"; };
		9F1265ED2832AAE100850406 /* PhotosCollectionViewController.swift */ = {isa = PBXFileReference; lastKnownFileType = sourcecode.swift; path = PhotosCollectionViewController.swift; sourceTree = "<group>"; };
		9F1265F12832C11100850406 /* NetworkService.swift */ = {isa = PBXFileReference; lastKnownFileType = sourcecode.swift; path = NetworkService.swift; sourceTree = "<group>"; };
		9F1265F42832C77100850406 /* API.swift */ = {isa = PBXFileReference; lastKnownFileType = sourcecode.swift; path = API.swift; sourceTree = "<group>"; };
		9F1265FE283393A700850406 /* NetworkDataFetcher.swift */ = {isa = PBXFileReference; lastKnownFileType = sourcecode.swift; path = NetworkDataFetcher.swift; sourceTree = "<group>"; };
		9F1266012833944500850406 /* SearchResults.swift */ = {isa = PBXFileReference; lastKnownFileType = sourcecode.swift; path = SearchResults.swift; sourceTree = "<group>"; };
		9F1266072833991600850406 /* RandomPhotoResults.swift */ = {isa = PBXFileReference; lastKnownFileType = sourcecode.swift; path = RandomPhotoResults.swift; sourceTree = "<group>"; };
		9F12660B2833D99100850406 /* Helper */ = {isa = PBXFileReference; lastKnownFileType = text; path = Helper; sourceTree = "<group>"; };
/* End PBXFileReference section */

/* Begin PBXFrameworksBuildPhase section */
		9F1265CF283287C500850406 /* Frameworks */ = {
			isa = PBXFrameworksBuildPhase;
			buildActionMask = 2147483647;
			files = (
			);
			runOnlyForDeploymentPostprocessing = 0;
		};
/* End PBXFrameworksBuildPhase section */

/* Begin PBXGroup section */
		9F1265C9283287C500850406 = {
			isa = PBXGroup;
			children = (
				9F1265D4283287C600850406 /* PhotoGalleryFromUnsplash */,
				9F1265D3283287C600850406 /* Products */,
			);
			sourceTree = "<group>";
		};
		9F1265D3283287C600850406 /* Products */ = {
			isa = PBXGroup;
			children = (
				9F1265D2283287C600850406 /* PhotoGalleryFromUnsplash.app */,
			);
			name = Products;
			sourceTree = "<group>";
		};
		9F1265D4283287C600850406 /* PhotoGalleryFromUnsplash */ = {
			isa = PBXGroup;
			children = (
				9F1265FB2832E9FE00850406 /* Application */,
				9F1265FC2832EA1500850406 /* Supporting Files */,
				9F1265F72832E9C100850406 /* Service */,
				9F1265ED2832AAE100850406 /* PhotosCollectionViewController.swift */,
				9F1265EA2832899C00850406 /* MainTabBarController.swift */,
				9F1265D9283287C600850406 /* ViewController.swift */,
				9F1265E3283287C700850406 /* Info.plist */,
			);
			path = PhotoGalleryFromUnsplash;
			sourceTree = "<group>";
		};
		9F1265F72832E9C100850406 /* Service */ = {
			isa = PBXGroup;
			children = (
				9F1265F12832C11100850406 /* NetworkService.swift */,
				9F1265F42832C77100850406 /* API.swift */,
				9F1265FE283393A700850406 /* NetworkDataFetcher.swift */,
				9F1266042833944800850406 /* Models */,
			);
			path = Service;
			sourceTree = "<group>";
		};
		9F1265FB2832E9FE00850406 /* Application */ = {
			isa = PBXGroup;
			children = (
				9F1265D5283287C600850406 /* AppDelegate.swift */,
				9F1265D7283287C600850406 /* SceneDelegate.swift */,
			);
			path = Application;
			sourceTree = "<group>";
		};
		9F1265FC2832EA1500850406 /* Supporting Files */ = {
			isa = PBXGroup;
			children = (
				9F1265DE283287C700850406 /* Assets.xcassets */,
				9F1265E0283287C700850406 /* LaunchScreen.storyboard */,
			);
			path = "Supporting Files";
			sourceTree = "<group>";
		};
		9F1266042833944800850406 /* Models */ = {
			isa = PBXGroup;
			children = (
				9F1266012833944500850406 /* SearchResults.swift */,
				9F1266072833991600850406 /* RandomPhotoResults.swift */,
				9F12660B2833D99100850406 /* Helper */,
			);
			path = Models;
			sourceTree = "<group>";
		};
/* End PBXGroup section */

/* Begin PBXNativeTarget section */
		9F1265D1283287C500850406 /* PhotoGalleryFromUnsplash */ = {
			isa = PBXNativeTarget;
			buildConfigurationList = 9F1265E6283287C700850406 /* Build configuration list for PBXNativeTarget "PhotoGalleryFromUnsplash" */;
			buildPhases = (
				9F1265CE283287C500850406 /* Sources */,
				9F1265CF283287C500850406 /* Frameworks */,
				9F1265D0283287C500850406 /* Resources */,
			);
			buildRules = (
			);
			dependencies = (
			);
			name = PhotoGalleryFromUnsplash;
			productName = PhotoGalleryFromUnsplash;
			productReference = 9F1265D2283287C600850406 /* PhotoGalleryFromUnsplash.app */;
			productType = "com.apple.product-type.application";
		};
/* End PBXNativeTarget section */

/* Begin PBXProject section */
		9F1265CA283287C500850406 /* Project object */ = {
			isa = PBXProject;
			attributes = {
				LastSwiftUpdateCheck = 1240;
				LastUpgradeCheck = 1240;
				TargetAttributes = {
					9F1265D1283287C500850406 = {
						CreatedOnToolsVersion = 12.4;
					};
				};
			};
			buildConfigurationList = 9F1265CD283287C500850406 /* Build configuration list for PBXProject "PhotoGalleryFromUnsplash" */;
			compatibilityVersion = "Xcode 9.3";
			developmentRegion = en;
			hasScannedForEncodings = 0;
			knownRegions = (
				en,
				Base,
			);
			mainGroup = 9F1265C9283287C500850406;
			productRefGroup = 9F1265D3283287C600850406 /* Products */;
			projectDirPath = "";
			projectRoot = "";
			targets = (
				9F1265D1283287C500850406 /* PhotoGalleryFromUnsplash */,
			);
		};
/* End PBXProject section */

/* Begin PBXResourcesBuildPhase section */
		9F1265D0283287C500850406 /* Resources */ = {
			isa = PBXResourcesBuildPhase;
			buildActionMask = 2147483647;
			files = (
				9F1265E2283287C700850406 /* LaunchScreen.storyboard in Resources */,
				9F1265DF283287C700850406 /* Assets.xcassets in Resources */,
				9F12660C2833D99100850406 /* Helper in Resources */,
			);
			runOnlyForDeploymentPostprocessing = 0;
		};
/* End PBXResourcesBuildPhase section */

/* Begin PBXSourcesBuildPhase section */
		9F1265CE283287C500850406 /* Sources */ = {
			isa = PBXSourcesBuildPhase;
			buildActionMask = 2147483647;
			files = (
				9F1265FF283393A700850406 /* NetworkDataFetcher.swift in Sources */,
				9F1266082833991600850406 /* RandomPhotoResults.swift in Sources */,
				9F1265DA283287C600850406 /* ViewController.swift in Sources */,
				9F1265D6283287C600850406 /* AppDelegate.swift in Sources */,
				9F1265EB2832899C00850406 /* MainTabBarController.swift in Sources */,
				9F1265EE2832AAE100850406 /* PhotosCollectionViewController.swift in Sources */,
				9F1265F22832C11100850406 /* NetworkService.swift in Sources */,
				9F1265D8283287C600850406 /* SceneDelegate.swift in Sources */,
				9F1266022833944500850406 /* SearchResults.swift in Sources */,
				9F1265F52832C77100850406 /* API.swift in Sources */,
			);
			runOnlyForDeploymentPostprocessing = 0;
		};
/* End PBXSourcesBuildPhase section */

/* Begin PBXVariantGroup section */
		9F1265E0283287C700850406 /* LaunchScreen.storyboard */ = {
			isa = PBXVariantGroup;
			children = (
				9F1265E1283287C700850406 /* Base */,
			);
			name = LaunchScreen.storyboard;
			sourceTree = "<group>";
		};
/* End PBXVariantGroup section */

/* Begin XCBuildConfiguration section */
		9F1265E4283287C700850406 /* Debug */ = {
			isa = XCBuildConfiguration;
			buildSettings = {
				ALWAYS_SEARCH_USER_PATHS = NO;
				CLANG_ANALYZER_NONNULL = YES;
				CLANG_ANALYZER_NUMBER_OBJECT_CONVERSION = YES_AGGRESSIVE;
				CLANG_CXX_LANGUAGE_STANDARD = "gnu++14";
				CLANG_CXX_LIBRARY = "libc++";
				CLANG_ENABLE_MODULES = YES;
				CLANG_ENABLE_OBJC_ARC = YES;
				CLANG_ENABLE_OBJC_WEAK = YES;
				CLANG_WARN_BLOCK_CAPTURE_AUTORELEASING = YES;
				CLANG_WARN_BOOL_CONVERSION = YES;
				CLANG_WARN_COMMA = YES;
				CLANG_WARN_CONSTANT_CONVERSION = YES;
				CLANG_WARN_DEPRECATED_OBJC_IMPLEMENTATIONS = YES;
				CLANG_WARN_DIRECT_OBJC_ISA_USAGE = YES_ERROR;
				CLANG_WARN_DOCUMENTATION_COMMENTS = YES;
				CLANG_WARN_EMPTY_BODY = YES;
				CLANG_WARN_ENUM_CONVERSION = YES;
				CLANG_WARN_INFINITE_RECURSION = YES;
				CLANG_WARN_INT_CONVERSION = YES;
				CLANG_WARN_NON_LITERAL_NULL_CONVERSION = YES;
				CLANG_WARN_OBJC_IMPLICIT_RETAIN_SELF = YES;
				CLANG_WARN_OBJC_LITERAL_CONVERSION = YES;
				CLANG_WARN_OBJC_ROOT_CLASS = YES_ERROR;
				CLANG_WARN_QUOTED_INCLUDE_IN_FRAMEWORK_HEADER = YES;
				CLANG_WARN_RANGE_LOOP_ANALYSIS = YES;
				CLANG_WARN_STRICT_PROTOTYPES = YES;
				CLANG_WARN_SUSPICIOUS_MOVE = YES;
				CLANG_WARN_UNGUARDED_AVAILABILITY = YES_AGGRESSIVE;
				CLANG_WARN_UNREACHABLE_CODE = YES;
				CLANG_WARN__DUPLICATE_METHOD_MATCH = YES;
				COPY_PHASE_STRIP = NO;
				DEBUG_INFORMATION_FORMAT = dwarf;
				ENABLE_STRICT_OBJC_MSGSEND = YES;
				ENABLE_TESTABILITY = YES;
				GCC_C_LANGUAGE_STANDARD = gnu11;
				GCC_DYNAMIC_NO_PIC = NO;
				GCC_NO_COMMON_BLOCKS = YES;
				GCC_OPTIMIZATION_LEVEL = 0;
				GCC_PREPROCESSOR_DEFINITIONS = (
					"DEBUG=1",
					"$(inherited)",
				);
				GCC_WARN_64_TO_32_BIT_CONVERSION = YES;
				GCC_WARN_ABOUT_RETURN_TYPE = YES_ERROR;
				GCC_WARN_UNDECLARED_SELECTOR = YES;
				GCC_WARN_UNINITIALIZED_AUTOS = YES_AGGRESSIVE;
				GCC_WARN_UNUSED_FUNCTION = YES;
				GCC_WARN_UNUSED_VARIABLE = YES;
				IPHONEOS_DEPLOYMENT_TARGET = 14.4;
				MTL_ENABLE_DEBUG_INFO = INCLUDE_SOURCE;
				MTL_FAST_MATH = YES;
				ONLY_ACTIVE_ARCH = YES;
				SDKROOT = iphoneos;
				SWIFT_ACTIVE_COMPILATION_CONDITIONS = DEBUG;
				SWIFT_OPTIMIZATION_LEVEL = "-Onone";
			};
			name = Debug;
		};
		9F1265E5283287C700850406 /* Release */ = {
			isa = XCBuildConfiguration;
			buildSettings = {
				ALWAYS_SEARCH_USER_PATHS = NO;
				CLANG_ANALYZER_NONNULL = YES;
				CLANG_ANALYZER_NUMBER_OBJECT_CONVERSION = YES_AGGRESSIVE;
				CLANG_CXX_LANGUAGE_STANDARD = "gnu++14";
				CLANG_CXX_LIBRARY = "libc++";
				CLANG_ENABLE_MODULES = YES;
				CLANG_ENABLE_OBJC_ARC = YES;
				CLANG_ENABLE_OBJC_WEAK = YES;
				CLANG_WARN_BLOCK_CAPTURE_AUTORELEASING = YES;
				CLANG_WARN_BOOL_CONVERSION = YES;
				CLANG_WARN_COMMA = YES;
				CLANG_WARN_CONSTANT_CONVERSION = YES;
				CLANG_WARN_DEPRECATED_OBJC_IMPLEMENTATIONS = YES;
				CLANG_WARN_DIRECT_OBJC_ISA_USAGE = YES_ERROR;
				CLANG_WARN_DOCUMENTATION_COMMENTS = YES;
				CLANG_WARN_EMPTY_BODY = YES;
				CLANG_WARN_ENUM_CONVERSION = YES;
				CLANG_WARN_INFINITE_RECURSION = YES;
				CLANG_WARN_INT_CONVERSION = YES;
				CLANG_WARN_NON_LITERAL_NULL_CONVERSION = YES;
				CLANG_WARN_OBJC_IMPLICIT_RETAIN_SELF = YES;
				CLANG_WARN_OBJC_LITERAL_CONVERSION = YES;
				CLANG_WARN_OBJC_ROOT_CLASS = YES_ERROR;
				CLANG_WARN_QUOTED_INCLUDE_IN_FRAMEWORK_HEADER = YES;
				CLANG_WARN_RANGE_LOOP_ANALYSIS = YES;
				CLANG_WARN_STRICT_PROTOTYPES = YES;
				CLANG_WARN_SUSPICIOUS_MOVE = YES;
				CLANG_WARN_UNGUARDED_AVAILABILITY = YES_AGGRESSIVE;
				CLANG_WARN_UNREACHABLE_CODE = YES;
				CLANG_WARN__DUPLICATE_METHOD_MATCH = YES;
				COPY_PHASE_STRIP = NO;
				DEBUG_INFORMATION_FORMAT = "dwarf-with-dsym";
				ENABLE_NS_ASSERTIONS = NO;
				ENABLE_STRICT_OBJC_MSGSEND = YES;
				GCC_C_LANGUAGE_STANDARD = gnu11;
				GCC_NO_COMMON_BLOCKS = YES;
				GCC_WARN_64_TO_32_BIT_CONVERSION = YES;
				GCC_WARN_ABOUT_RETURN_TYPE = YES_ERROR;
				GCC_WARN_UNDECLARED_SELECTOR = YES;
				GCC_WARN_UNINITIALIZED_AUTOS = YES_AGGRESSIVE;
				GCC_WARN_UNUSED_FUNCTION = YES;
				GCC_WARN_UNUSED_VARIABLE = YES;
				IPHONEOS_DEPLOYMENT_TARGET = 14.4;
				MTL_ENABLE_DEBUG_INFO = NO;
				MTL_FAST_MATH = YES;
				SDKROOT = iphoneos;
				SWIFT_COMPILATION_MODE = wholemodule;
				SWIFT_OPTIMIZATION_LEVEL = "-O";
				VALIDATE_PRODUCT = YES;
			};
			name = Release;
		};
		9F1265E7283287C700850406 /* Debug */ = {
			isa = XCBuildConfiguration;
			buildSettings = {
				ASSETCATALOG_COMPILER_APPICON_NAME = AppIcon;
				ASSETCATALOG_COMPILER_GLOBAL_ACCENT_COLOR_NAME = AccentColor;
				CODE_SIGN_STYLE = Automatic;
				DEVELOPMENT_TEAM = X8KHXL86W5;
				INFOPLIST_FILE = PhotoGalleryFromUnsplash/Info.plist;
				LD_RUNPATH_SEARCH_PATHS = (
					"$(inherited)",
					"@executable_path/Frameworks",
				);
				PRODUCT_BUNDLE_IDENTIFIER = ru.PhotoGalleryFromUnsplash;
				PRODUCT_NAME = "$(TARGET_NAME)";
				SWIFT_VERSION = 5.0;
				TARGETED_DEVICE_FAMILY = "1,2";
			};
			name = Debug;
		};
		9F1265E8283287C700850406 /* Release */ = {
			isa = XCBuildConfiguration;
			buildSettings = {
				ASSETCATALOG_COMPILER_APPICON_NAME = AppIcon;
				ASSETCATALOG_COMPILER_GLOBAL_ACCENT_COLOR_NAME = AccentColor;
				CODE_SIGN_STYLE = Automatic;
				DEVELOPMENT_TEAM = X8KHXL86W5;
				INFOPLIST_FILE = PhotoGalleryFromUnsplash/Info.plist;
				LD_RUNPATH_SEARCH_PATHS = (
					"$(inherited)",
					"@executable_path/Frameworks",
				);
				PRODUCT_BUNDLE_IDENTIFIER = ru.PhotoGalleryFromUnsplash;
				PRODUCT_NAME = "$(TARGET_NAME)";
				SWIFT_VERSION = 5.0;
				TARGETED_DEVICE_FAMILY = "1,2";
			};
			name = Release;
		};
/* End XCBuildConfiguration section */

/* Begin XCConfigurationList section */
		9F1265CD283287C500850406 /* Build configuration list for PBXProject "PhotoGalleryFromUnsplash" */ = {
			isa = XCConfigurationList;
			buildConfigurations = (
				9F1265E4283287C700850406 /* Debug */,
				9F1265E5283287C700850406 /* Release */,
			);
			defaultConfigurationIsVisible = 0;
			defaultConfigurationName = Release;
		};
		9F1265E6283287C700850406 /* Build configuration list for PBXNativeTarget "PhotoGalleryFromUnsplash" */ = {
			isa = XCConfigurationList;
			buildConfigurations = (
				9F1265E7283287C700850406 /* Debug */,
				9F1265E8283287C700850406 /* Release */,
			);
			defaultConfigurationIsVisible = 0;
			defaultConfigurationName = Release;
		};
/* End XCConfigurationList section */
	};
	rootObject = 9F1265CA283287C500850406 /* Project object */;
}
